{
  "lockfileVersion": 1,
  "configVersion": 1,
  "workspaces": {
    "": {
      "name": "tablewright",
      "devDependencies": {
        "turbo": "^2",
      },
    },
  },
  "packages": {
    "@turbo/darwin-64": ["@turbo/darwin-64@2.10.12", "", { "os": "darwin", "cpu": "x64" }, "sha512-9nKgKoF6ZOUsM+or0OtNf+TTJSfGvDNP7ZFv/ZGWVwOSCkumyctQiTeHwB4UNljHTnC41AqylgbunLDHoccNrA=="],

    "@turbo/darwin-arm64": ["@turbo/darwin-arm64@2.10.12", "", { "os": "darwin", "cpu": "arm64" }, "sha512-H4Elb1jqTZVeIC9bbcNwjSzemZ6RegoTOVHeuV5Osirt2Z8UguTyisMEkvZjPVZgMeN9J4ERZBFad40tFnkb7w=="],

    "@turbo/linux-64": ["@turbo/linux-64@2.10.12", "", { "os": [ "linux", "android", ], "cpu": "x64" }, "sha512-lr7KIotukvjZwEXiFSYAeOH3BWzjFVBbSzTbv0fuGFsNukYyH0+g1hB5ecqnJkgkYU+KHEMG1edOhnjiKON1wQ=="],

    "@turbo/linux-arm64": ["@turbo/linux-arm64@2.10.12", "", { "os": [ "linux", "android", ], "cpu": "arm64" }, "sha512-f0pZDTtvzB5SuNwuXBaKbZHUCMCukgc8nMlHEuvLmj91Fzec+MEbr3cAvGNor5htEDqZnO6Lxt9N/GPI/77oGA=="],

    "@turbo/windows-64": ["@turbo/windows-64@2.10.12", "", { "os": "win32", "cpu": "x64" }, "sha512-SDOueJRjS/QcykWf2KCRtTLmIl5YMKsLbXkXQGhDwcTXvKXZiS5ih5lBl/gkwZIpYFjqA/rAlfMzlAFcVHNe0g=="],

    "@turbo/windows-arm64": ["@turbo/windows-arm64@2.10.12", "", { "os": "win32", "cpu": "arm64" }, "sha512-0i0mVUa4kKk+/B3RwEwPMf9CB+T7ul56hn5FFHNA4VUNTOoLBEd6aNf3FaKfCatDNZ6cicCEf6if9QUTVyzzcA=="],

    "turbo": ["turbo@2.10.12", "", { "optionalDependencies": { "@turbo/darwin-64": "2.10.12", "@turbo/darwin-arm64": "2.10.12", "@turbo/linux-64": "2.10.12", "@turbo/linux-arm64": "2.10.12", "@turbo/windows-64": "2.10.12", "@turbo/windows-arm64": "2.10.12" }, "bin": { "turbo": "bin/turbo" } }, "sha512-AswgMPnpOoaVZHrrSBejETzEbuIA69OVGwfkHwfrY0A23VjWXBANzgq9+OymWOHAIArB7D1+1z498WY8fGg1Jw=="],
  }
}
